
Microsoft Visual Studio Solution File, Format Version 12.00
# Visual Studio 15
VisualStudioVersion = 15.0.28307.2092
MinimumVisualStudioVersion = 10.0.40219.1
Project("{8BC9CEB8-8B4A-11D0-8D11-00A0C91BC942}") = "2", "2\2.vcxproj", "{301E03F8-0A10-414B-9351-3B6589AEFDC1}"
EndProject
Global
	GlobalSection(SolutionConfigurationPlatforms) = preSolution
		Debug|x64 = Debug|x64
		Debug|x86 = Debug|x86
		Release|x64 = Release|x64
		Release|x86 = Release|x86
	EndGlobalSection
	GlobalSection(ProjectConfigurationPlatforms) = postSolution
		{301E03F8-0A10-414B-9351-3B6589AEFDC1}.Debug|x64.ActiveCfg = Debug|x64
		{301E03F8-0A10-414B-9351-3B6589AEFDC1}.Debug|x64.Build.0 = Debug|x64
		{301E03F8-0A10-414B-9351-3B6589AEFDC1}.Debug|x86.ActiveCfg = Debug|Win32
		{301E03F8-0A10-414B-9351-3B6589AEFDC1}.Debug|x86.Build.0 = Debug|Win32
		{301E03F8-0A10-414B-9351-3B6589AEFDC1}.Release|x64.ActiveCfg = Release|x64
		{301E03F8-0A10-414B-9351-3B6589AEFDC1}.Release|x64.Build.0 = Release|x64
		{301E03F8-0A10-414B-9351-3B6589AEFDC1}.Release|x86.ActiveCfg = Release|Win32
		{301E03F8-0A10-414B-9351-3B6589AEFDC1}.Release|x86.Build.0 = Release|Win32
	EndGlobalSection
	GlobalSection(SolutionProperties) = preSolution
		HideSolutionNode = FALSE
	EndGlobalSection
	GlobalSection(ExtensibilityGlobals) = postSolution
		SolutionGuid = {A01B9E2B-5108-48D2-BE0E-4506CFADBB35}
	EndGlobalSection
EndGlobal
